
Microsoft Visual Studio Solution File, Format Version 12.00
# Visual Studio 15
Project("{FAE04EC0-301F-11D3-BF4B-00C04F79EFBC}") = "Airlines", "Airlines\Airlines.csproj", "{93AECDE3-7E41-47D5-AB53-EAD92DFFFBB3}"
EndProject
Global
	GlobalSection(SolutionConfigurationPlatforms) = preSolution
		Debug|x86 = Debug|x86
		Release|x86 = Release|x86
	EndGlobalSection
	GlobalSection(ProjectConfigurationPlatforms) = postSolution
		{93AECDE3-7E41-47D5-AB53-EAD92DFFFBB3}.Debug|x86.ActiveCfg = Debug|x86
		{93AECDE3-7E41-47D5-AB53-EAD92DFFFBB3}.Debug|x86.Build.0 = Debug|x86
		{93AECDE3-7E41-47D5-AB53-EAD92DFFFBB3}.Release|x86.ActiveCfg = Release|x86
		{93AECDE3-7E41-47D5-AB53-EAD92DFFFBB3}.Release|x86.Build.0 = Release|x86
	EndGlobalSection
EndGlobal
